
Microsoft Visual Studio Solution File, Format Version 12.00
# Visual Studio 15
VisualStudioVersion = 15.0.27130.2036
MinimumVisualStudioVersion = 10.0.40219.1
Project("{FAE04EC0-301F-11D3-BF4B-00C04F79EFBC}") = "CS_P025", "CS_P025\CS_P025.csproj", "{AD679FD3-C03D-497E-88EC-FD85ABF8F8AB}"
EndProject
Global
	GlobalSection(SolutionConfigurationPlatforms) = preSolution
		Debug|Any CPU = Debug|Any CPU
		Release|Any CPU = Release|Any CPU
	EndGlobalSection
	GlobalSection(ProjectConfigurationPlatforms) = postSolution
		{AD679FD3-C03D-497E-88EC-FD85ABF8F8AB}.Debug|Any CPU.ActiveCfg = Debug|Any CPU
		{AD679FD3-C03D-497E-88EC-FD85ABF8F8AB}.Debug|Any CPU.Build.0 = Debug|Any CPU
		{AD679FD3-C03D-497E-88EC-FD85ABF8F8AB}.Release|Any CPU.ActiveCfg = Release|Any CPU
		{AD679FD3-C03D-497E-88EC-FD85ABF8F8AB}.Release|Any CPU.Build.0 = Release|Any CPU
	EndGlobalSection
	GlobalSection(SolutionProperties) = preSolution
		HideSolutionNode = FALSE
	EndGlobalSection
	GlobalSection(ExtensibilityGlobals) = postSolution
		SolutionGuid = {EA5B0E08-CB93-4BCA-AD7C-134364BB7AC1}
	EndGlobalSection
EndGlobal
