
Microsoft Visual Studio Solution File, Format Version 12.00
# Visual Studio 15
VisualStudioVersion = 15.0.27130.2036
MinimumVisualStudioVersion = 10.0.40219.1
Project("{FAE04EC0-301F-11D3-BF4B-00C04F79EFBC}") = "CS_P026_Exercise", "CS_P026_Exercise\CS_P026_Exercise.csproj", "{CF74E54E-3CA2-4DD3-B22D-24D89A27FEBE}"
EndProject
Global
	GlobalSection(SolutionConfigurationPlatforms) = preSolution
		Debug|Any CPU = Debug|Any CPU
		Release|Any CPU = Release|Any CPU
	EndGlobalSection
	GlobalSection(ProjectConfigurationPlatforms) = postSolution
		{CF74E54E-3CA2-4DD3-B22D-24D89A27FEBE}.Debug|Any CPU.ActiveCfg = Debug|Any CPU
		{CF74E54E-3CA2-4DD3-B22D-24D89A27FEBE}.Debug|Any CPU.Build.0 = Debug|Any CPU
		{CF74E54E-3CA2-4DD3-B22D-24D89A27FEBE}.Release|Any CPU.ActiveCfg = Release|Any CPU
		{CF74E54E-3CA2-4DD3-B22D-24D89A27FEBE}.Release|Any CPU.Build.0 = Release|Any CPU
	EndGlobalSection
	GlobalSection(SolutionProperties) = preSolution
		HideSolutionNode = FALSE
	EndGlobalSection
	GlobalSection(ExtensibilityGlobals) = postSolution
		SolutionGuid = {A0BC4813-9594-4A03-A92E-D83C0DD7D49C}
	EndGlobalSection
EndGlobal
