
Microsoft Visual Studio Solution File, Format Version 12.00
# Visual Studio 15
VisualStudioVersion = 15.0.27130.2036
MinimumVisualStudioVersion = 10.0.40219.1
Project("{FAE04EC0-301F-11D3-BF4B-00C04F79EFBC}") = "CS_P031_Exception", "CS_P031_Exception\CS_P031_Exception.csproj", "{0B1CEA0C-8357-4549-B266-586F9C890E07}"
EndProject
Global
	GlobalSection(SolutionConfigurationPlatforms) = preSolution
		Debug|Any CPU = Debug|Any CPU
		Release|Any CPU = Release|Any CPU
	EndGlobalSection
	GlobalSection(ProjectConfigurationPlatforms) = postSolution
		{0B1CEA0C-8357-4549-B266-586F9C890E07}.Debug|Any CPU.ActiveCfg = Debug|Any CPU
		{0B1CEA0C-8357-4549-B266-586F9C890E07}.Debug|Any CPU.Build.0 = Debug|Any CPU
		{0B1CEA0C-8357-4549-B266-586F9C890E07}.Release|Any CPU.ActiveCfg = Release|Any CPU
		{0B1CEA0C-8357-4549-B266-586F9C890E07}.Release|Any CPU.Build.0 = Release|Any CPU
	EndGlobalSection
	GlobalSection(SolutionProperties) = preSolution
		HideSolutionNode = FALSE
	EndGlobalSection
	GlobalSection(ExtensibilityGlobals) = postSolution
		SolutionGuid = {D1ACB3DB-D6FA-4CB6-93C5-3B9DF23CF662}
	EndGlobalSection
EndGlobal
