
Microsoft Visual Studio Solution File, Format Version 12.00
# Visual Studio 15
VisualStudioVersion = 15.0.27130.2036
MinimumVisualStudioVersion = 10.0.40219.1
Project("{FAE04EC0-301F-11D3-BF4B-00C04F79EFBC}") = "CS_P023_Exercise", "CS_P023_Exercise\CS_P023_Exercise.csproj", "{1BAB5C10-4A12-4112-B838-3B4F46EBF12E}"
EndProject
Global
	GlobalSection(SolutionConfigurationPlatforms) = preSolution
		Debug|Any CPU = Debug|Any CPU
		Release|Any CPU = Release|Any CPU
	EndGlobalSection
	GlobalSection(ProjectConfigurationPlatforms) = postSolution
		{1BAB5C10-4A12-4112-B838-3B4F46EBF12E}.Debug|Any CPU.ActiveCfg = Debug|Any CPU
		{1BAB5C10-4A12-4112-B838-3B4F46EBF12E}.Debug|Any CPU.Build.0 = Debug|Any CPU
		{1BAB5C10-4A12-4112-B838-3B4F46EBF12E}.Release|Any CPU.ActiveCfg = Release|Any CPU
		{1BAB5C10-4A12-4112-B838-3B4F46EBF12E}.Release|Any CPU.Build.0 = Release|Any CPU
	EndGlobalSection
	GlobalSection(SolutionProperties) = preSolution
		HideSolutionNode = FALSE
	EndGlobalSection
	GlobalSection(ExtensibilityGlobals) = postSolution
		SolutionGuid = {02188474-8410-4661-95DB-2F12CB3B36C6}
	EndGlobalSection
EndGlobal
