
Microsoft Visual Studio Solution File, Format Version 12.00
# Visual Studio 15
VisualStudioVersion = 15.0.27130.2036
MinimumVisualStudioVersion = 10.0.40219.1
Project("{FAE04EC0-301F-11D3-BF4B-00C04F79EFBC}") = "HelloWorld2", "HelloWorld2\HelloWorld2.csproj", "{97280E62-F166-44DD-8733-2C686C3CCF37}"
EndProject
Global
	GlobalSection(SolutionConfigurationPlatforms) = preSolution
		Debug|Any CPU = Debug|Any CPU
		Release|Any CPU = Release|Any CPU
	EndGlobalSection
	GlobalSection(ProjectConfigurationPlatforms) = postSolution
		{97280E62-F166-44DD-8733-2C686C3CCF37}.Debug|Any CPU.ActiveCfg = Debug|Any CPU
		{97280E62-F166-44DD-8733-2C686C3CCF37}.Debug|Any CPU.Build.0 = Debug|Any CPU
		{97280E62-F166-44DD-8733-2C686C3CCF37}.Release|Any CPU.ActiveCfg = Release|Any CPU
		{97280E62-F166-44DD-8733-2C686C3CCF37}.Release|Any CPU.Build.0 = Release|Any CPU
	EndGlobalSection
	GlobalSection(SolutionProperties) = preSolution
		HideSolutionNode = FALSE
	EndGlobalSection
	GlobalSection(ExtensibilityGlobals) = postSolution
		SolutionGuid = {2C2B1269-4F64-4104-8D62-43B25153D848}
	EndGlobalSection
EndGlobal
