
Microsoft Visual Studio Solution File, Format Version 12.00
# Visual Studio 15
VisualStudioVersion = 15.0.27130.2036
MinimumVisualStudioVersion = 10.0.40219.1
Project("{FAE04EC0-301F-11D3-BF4B-00C04F79EFBC}") = "VariablesAndDataTypes", "VariablesAndDataTypes\VariablesAndDataTypes.csproj", "{DB0B6D86-F352-4215-9F01-A093E0FE6676}"
EndProject
Global
	GlobalSection(SolutionConfigurationPlatforms) = preSolution
		Debug|Any CPU = Debug|Any CPU
		Release|Any CPU = Release|Any CPU
	EndGlobalSection
	GlobalSection(ProjectConfigurationPlatforms) = postSolution
		{DB0B6D86-F352-4215-9F01-A093E0FE6676}.Debug|Any CPU.ActiveCfg = Debug|Any CPU
		{DB0B6D86-F352-4215-9F01-A093E0FE6676}.Debug|Any CPU.Build.0 = Debug|Any CPU
		{DB0B6D86-F352-4215-9F01-A093E0FE6676}.Release|Any CPU.ActiveCfg = Release|Any CPU
		{DB0B6D86-F352-4215-9F01-A093E0FE6676}.Release|Any CPU.Build.0 = Release|Any CPU
	EndGlobalSection
	GlobalSection(SolutionProperties) = preSolution
		HideSolutionNode = FALSE
	EndGlobalSection
	GlobalSection(ExtensibilityGlobals) = postSolution
		SolutionGuid = {DDC64FB5-3C2F-4445-8AD3-9A3A46FE2653}
	EndGlobalSection
EndGlobal
