
Microsoft Visual Studio Solution File, Format Version 12.00
# Visual Studio 15
VisualStudioVersion = 15.0.27130.2036
MinimumVisualStudioVersion = 10.0.40219.1
Project("{FAE04EC0-301F-11D3-BF4B-00C04F79EFBC}") = "CS_P032_Exercise_Exception handling", "CS_P032_Exercise_Exception handling\CS_P032_Exercise_Exception handling.csproj", "{E0C053D7-B584-4E53-BC45-2D4B44AB5AA2}"
EndProject
Global
	GlobalSection(SolutionConfigurationPlatforms) = preSolution
		Debug|Any CPU = Debug|Any CPU
		Release|Any CPU = Release|Any CPU
	EndGlobalSection
	GlobalSection(ProjectConfigurationPlatforms) = postSolution
		{E0C053D7-B584-4E53-BC45-2D4B44AB5AA2}.Debug|Any CPU.ActiveCfg = Debug|Any CPU
		{E0C053D7-B584-4E53-BC45-2D4B44AB5AA2}.Debug|Any CPU.Build.0 = Debug|Any CPU
		{E0C053D7-B584-4E53-BC45-2D4B44AB5AA2}.Release|Any CPU.ActiveCfg = Release|Any CPU
		{E0C053D7-B584-4E53-BC45-2D4B44AB5AA2}.Release|Any CPU.Build.0 = Release|Any CPU
	EndGlobalSection
	GlobalSection(SolutionProperties) = preSolution
		HideSolutionNode = FALSE
	EndGlobalSection
	GlobalSection(ExtensibilityGlobals) = postSolution
		SolutionGuid = {796D4021-CFA1-4828-BAFB-DBA83E3A18C5}
	EndGlobalSection
EndGlobal
