
Microsoft Visual Studio Solution File, Format Version 12.00
# Visual Studio 15
VisualStudioVersion = 15.0.27130.2036
MinimumVisualStudioVersion = 10.0.40219.1
Project("{FAE04EC0-301F-11D3-BF4B-00C04F79EFBC}") = "CS_P055_Exercise", "CS_P055_Exercise\CS_P055_Exercise.csproj", "{A8BA0FEA-26B9-4BC3-914C-484DA7F2EC1C}"
EndProject
Global
	GlobalSection(SolutionConfigurationPlatforms) = preSolution
		Debug|Any CPU = Debug|Any CPU
		Release|Any CPU = Release|Any CPU
	EndGlobalSection
	GlobalSection(ProjectConfigurationPlatforms) = postSolution
		{A8BA0FEA-26B9-4BC3-914C-484DA7F2EC1C}.Debug|Any CPU.ActiveCfg = Debug|Any CPU
		{A8BA0FEA-26B9-4BC3-914C-484DA7F2EC1C}.Debug|Any CPU.Build.0 = Debug|Any CPU
		{A8BA0FEA-26B9-4BC3-914C-484DA7F2EC1C}.Release|Any CPU.ActiveCfg = Release|Any CPU
		{A8BA0FEA-26B9-4BC3-914C-484DA7F2EC1C}.Release|Any CPU.Build.0 = Release|Any CPU
	EndGlobalSection
	GlobalSection(SolutionProperties) = preSolution
		HideSolutionNode = FALSE
	EndGlobalSection
	GlobalSection(ExtensibilityGlobals) = postSolution
		SolutionGuid = {34087595-D5AA-4B7F-88CF-DBAD94D5FF2D}
	EndGlobalSection
EndGlobal
