
Microsoft Visual Studio Solution File, Format Version 12.00
# Visual Studio 15
VisualStudioVersion = 15.0.27130.2036
MinimumVisualStudioVersion = 10.0.40219.1
Project("{FAE04EC0-301F-11D3-BF4B-00C04F79EFBC}") = "CS_P034_Exercise", "CS_P034_Exercise\CS_P034_Exercise.csproj", "{EAEC08C8-1EED-434C-92E9-295B55538A78}"
EndProject
Global
	GlobalSection(SolutionConfigurationPlatforms) = preSolution
		Debug|Any CPU = Debug|Any CPU
		Release|Any CPU = Release|Any CPU
	EndGlobalSection
	GlobalSection(ProjectConfigurationPlatforms) = postSolution
		{EAEC08C8-1EED-434C-92E9-295B55538A78}.Debug|Any CPU.ActiveCfg = Debug|Any CPU
		{EAEC08C8-1EED-434C-92E9-295B55538A78}.Debug|Any CPU.Build.0 = Debug|Any CPU
		{EAEC08C8-1EED-434C-92E9-295B55538A78}.Release|Any CPU.ActiveCfg = Release|Any CPU
		{EAEC08C8-1EED-434C-92E9-295B55538A78}.Release|Any CPU.Build.0 = Release|Any CPU
	EndGlobalSection
	GlobalSection(SolutionProperties) = preSolution
		HideSolutionNode = FALSE
	EndGlobalSection
	GlobalSection(ExtensibilityGlobals) = postSolution
		SolutionGuid = {D7345A17-F9D8-4E1E-8E73-5934BD8384C9}
	EndGlobalSection
EndGlobal
