
Microsoft Visual Studio Solution File, Format Version 12.00
# Visual Studio 15
VisualStudioVersion = 15.0.27130.2036
MinimumVisualStudioVersion = 10.0.40219.1
Project("{FAE04EC0-301F-11D3-BF4B-00C04F79EFBC}") = "CS_P044_Exercise", "CS_P044_Exercise\CS_P044_Exercise.csproj", "{6B3174EA-66C7-4E37-B509-BBADF10CBDEE}"
EndProject
Global
	GlobalSection(SolutionConfigurationPlatforms) = preSolution
		Debug|Any CPU = Debug|Any CPU
		Release|Any CPU = Release|Any CPU
	EndGlobalSection
	GlobalSection(ProjectConfigurationPlatforms) = postSolution
		{6B3174EA-66C7-4E37-B509-BBADF10CBDEE}.Debug|Any CPU.ActiveCfg = Debug|Any CPU
		{6B3174EA-66C7-4E37-B509-BBADF10CBDEE}.Debug|Any CPU.Build.0 = Debug|Any CPU
		{6B3174EA-66C7-4E37-B509-BBADF10CBDEE}.Release|Any CPU.ActiveCfg = Release|Any CPU
		{6B3174EA-66C7-4E37-B509-BBADF10CBDEE}.Release|Any CPU.Build.0 = Release|Any CPU
	EndGlobalSection
	GlobalSection(SolutionProperties) = preSolution
		HideSolutionNode = FALSE
	EndGlobalSection
	GlobalSection(ExtensibilityGlobals) = postSolution
		SolutionGuid = {A4007666-EEC9-412F-BDD8-7C8D6A43E866}
	EndGlobalSection
EndGlobal
